
Microsoft Visual Studio Solution File, Format Version 12.00
Project("{FAE04EC0-301F-11D3-BF4B-00C04F79EFBC}") = "Fluffy", "src\Fluffy\Fluffy.csproj", "{C27260EC-3CE4-4EA1-8EC8-22E1C3BDA131}"
EndProject
Project("{FAE04EC0-301F-11D3-BF4B-00C04F79EFBC}") = "Fluffy.EntityFramework", "src\Fluffy.EntityFramework\Fluffy.EntityFramework.csproj", "{B444336F-670A-48BF-B28A-7840FC1E7EDE}"
EndProject
Project("{FAE04EC0-301F-11D3-BF4B-00C04F79EFBC}") = "Fluffy.Tests.Unit", "src\Fluffy.Tests.Unit\Fluffy.Tests.Unit.csproj", "{A9268168-3A06-4F84-AABB-D77C307F418D}"
EndProject
Project("{FAE04EC0-301F-11D3-BF4B-00C04F79EFBC}") = "Fluffy.Examples", "src\Fluffy.Examples\Fluffy.Examples.csproj", "{174FD41A-FB6C-40EE-B34C-8EEE2D9EB2E2}"
EndProject
Global
	GlobalSection(SolutionConfigurationPlatforms) = preSolution
		Debug|Any CPU = Debug|Any CPU
		Release|Any CPU = Release|Any CPU
	EndGlobalSection
	GlobalSection(ProjectConfigurationPlatforms) = postSolution
		{C27260EC-3CE4-4EA1-8EC8-22E1C3BDA131}.Debug|Any CPU.ActiveCfg = Debug|Any CPU
		{C27260EC-3CE4-4EA1-8EC8-22E1C3BDA131}.Debug|Any CPU.Build.0 = Debug|Any CPU
		{C27260EC-3CE4-4EA1-8EC8-22E1C3BDA131}.Release|Any CPU.ActiveCfg = Release|Any CPU
		{C27260EC-3CE4-4EA1-8EC8-22E1C3BDA131}.Release|Any CPU.Build.0 = Release|Any CPU
		{B444336F-670A-48BF-B28A-7840FC1E7EDE}.Debug|Any CPU.ActiveCfg = Debug|Any CPU
		{B444336F-670A-48BF-B28A-7840FC1E7EDE}.Debug|Any CPU.Build.0 = Debug|Any CPU
		{B444336F-670A-48BF-B28A-7840FC1E7EDE}.Release|Any CPU.ActiveCfg = Release|Any CPU
		{B444336F-670A-48BF-B28A-7840FC1E7EDE}.Release|Any CPU.Build.0 = Release|Any CPU
		{A9268168-3A06-4F84-AABB-D77C307F418D}.Debug|Any CPU.ActiveCfg = Debug|Any CPU
		{A9268168-3A06-4F84-AABB-D77C307F418D}.Debug|Any CPU.Build.0 = Debug|Any CPU
		{A9268168-3A06-4F84-AABB-D77C307F418D}.Release|Any CPU.ActiveCfg = Release|Any CPU
		{A9268168-3A06-4F84-AABB-D77C307F418D}.Release|Any CPU.Build.0 = Release|Any CPU
		{174FD41A-FB6C-40EE-B34C-8EEE2D9EB2E2}.Debug|Any CPU.ActiveCfg = Debug|Any CPU
		{174FD41A-FB6C-40EE-B34C-8EEE2D9EB2E2}.Debug|Any CPU.Build.0 = Debug|Any CPU
		{174FD41A-FB6C-40EE-B34C-8EEE2D9EB2E2}.Release|Any CPU.ActiveCfg = Release|Any CPU
		{174FD41A-FB6C-40EE-B34C-8EEE2D9EB2E2}.Release|Any CPU.Build.0 = Release|Any CPU
	EndGlobalSection
EndGlobal
